
Microsoft Visual Studio Solution File, Format Version 12.00
Project("{FAE04EC0-301F-11D3-BF4B-00C04F79EFBC}") = "InnBot", "InnBot\InnBot.csproj", "{AA396C64-D94A-4AFB-B233-3F274F1F6A0A}"
EndProject
Project("{FAE04EC0-301F-11D3-BF4B-00C04F79EFBC}") = "InnBot.Abstractions", "InnBot.Abstractions\InnBot.Abstractions.csproj", "{5F54E61F-1300-451F-95CB-411FD62D6159}"
EndProject
Global
	GlobalSection(SolutionConfigurationPlatforms) = preSolution
		Debug|Any CPU = Debug|Any CPU
		Release|Any CPU = Release|Any CPU
	EndGlobalSection
	GlobalSection(ProjectConfigurationPlatforms) = postSolution
		{AA396C64-D94A-4AFB-B233-3F274F1F6A0A}.Debug|Any CPU.ActiveCfg = Debug|Any CPU
		{AA396C64-D94A-4AFB-B233-3F274F1F6A0A}.Debug|Any CPU.Build.0 = Debug|Any CPU
		{AA396C64-D94A-4AFB-B233-3F274F1F6A0A}.Release|Any CPU.ActiveCfg = Release|Any CPU
		{AA396C64-D94A-4AFB-B233-3F274F1F6A0A}.Release|Any CPU.Build.0 = Release|Any CPU
		{5F54E61F-1300-451F-95CB-411FD62D6159}.Debug|Any CPU.ActiveCfg = Debug|Any CPU
		{5F54E61F-1300-451F-95CB-411FD62D6159}.Debug|Any CPU.Build.0 = Debug|Any CPU
		{5F54E61F-1300-451F-95CB-411FD62D6159}.Release|Any CPU.ActiveCfg = Release|Any CPU
		{5F54E61F-1300-451F-95CB-411FD62D6159}.Release|Any CPU.Build.0 = Release|Any CPU
	EndGlobalSection
EndGlobal
